
Microsoft Visual Studio Solution File, Format Version 12.00
# Visual Studio 15
VisualStudioVersion = 15.0.27130.2027
MinimumVisualStudioVersion = 10.0.40219.1
Project("{FAE04EC0-301F-11D3-BF4B-00C04F79EFBC}") = "MathsLibrary", "MathsLibrary\MathsLibrary.csproj", "{CD1B0D86-3AD0-44E3-8D09-574C014DF15B}"
EndProject
Project("{FAE04EC0-301F-11D3-BF4B-00C04F79EFBC}") = "ClientWCF", "ClientWCF\ClientWCF.csproj", "{287D2068-2EFF-4FC2-A883-5CA87D3B43F2}"
	ProjectSection(ProjectDependencies) = postProject
		{CD1B0D86-3AD0-44E3-8D09-574C014DF15B} = {CD1B0D86-3AD0-44E3-8D09-574C014DF15B}
	EndProjectSection
EndProject
Global
	GlobalSection(SolutionConfigurationPlatforms) = preSolution
		Debug|Any CPU = Debug|Any CPU
		Release|Any CPU = Release|Any CPU
	EndGlobalSection
	GlobalSection(ProjectConfigurationPlatforms) = postSolution
		{CD1B0D86-3AD0-44E3-8D09-574C014DF15B}.Debug|Any CPU.ActiveCfg = Debug|Any CPU
		{CD1B0D86-3AD0-44E3-8D09-574C014DF15B}.Debug|Any CPU.Build.0 = Debug|Any CPU
		{CD1B0D86-3AD0-44E3-8D09-574C014DF15B}.Release|Any CPU.ActiveCfg = Release|Any CPU
		{CD1B0D86-3AD0-44E3-8D09-574C014DF15B}.Release|Any CPU.Build.0 = Release|Any CPU
		{287D2068-2EFF-4FC2-A883-5CA87D3B43F2}.Debug|Any CPU.ActiveCfg = Debug|Any CPU
		{287D2068-2EFF-4FC2-A883-5CA87D3B43F2}.Debug|Any CPU.Build.0 = Debug|Any CPU
		{287D2068-2EFF-4FC2-A883-5CA87D3B43F2}.Release|Any CPU.ActiveCfg = Release|Any CPU
		{287D2068-2EFF-4FC2-A883-5CA87D3B43F2}.Release|Any CPU.Build.0 = Release|Any CPU
	EndGlobalSection
	GlobalSection(SolutionProperties) = preSolution
		HideSolutionNode = FALSE
	EndGlobalSection
	GlobalSection(ExtensibilityGlobals) = postSolution
		SolutionGuid = {888DD58E-56AC-4BE9-8AB0-2F9036041D9C}
	EndGlobalSection
EndGlobal
