
Microsoft Visual Studio Solution File, Format Version 12.00
# Visual Studio 15
VisualStudioVersion = 15.0.28307.489
MinimumVisualStudioVersion = 10.0.40219.1
Project("{FAE04EC0-301F-11D3-BF4B-00C04F79EFBC}") = "ConsoleAppJamaisAPatte", "ConsoleAppJamaisAPatte\ConsoleAppJamaisAPatte.csproj", "{72537236-44B7-4A16-9367-D928365564BF}"
EndProject
Global
	GlobalSection(SolutionConfigurationPlatforms) = preSolution
		Debug|Any CPU = Debug|Any CPU
		Release|Any CPU = Release|Any CPU
	EndGlobalSection
	GlobalSection(ProjectConfigurationPlatforms) = postSolution
		{72537236-44B7-4A16-9367-D928365564BF}.Debug|Any CPU.ActiveCfg = Debug|Any CPU
		{72537236-44B7-4A16-9367-D928365564BF}.Debug|Any CPU.Build.0 = Debug|Any CPU
		{72537236-44B7-4A16-9367-D928365564BF}.Release|Any CPU.ActiveCfg = Release|Any CPU
		{72537236-44B7-4A16-9367-D928365564BF}.Release|Any CPU.Build.0 = Release|Any CPU
	EndGlobalSection
	GlobalSection(SolutionProperties) = preSolution
		HideSolutionNode = FALSE
	EndGlobalSection
	GlobalSection(ExtensibilityGlobals) = postSolution
		SolutionGuid = {B2BD28F3-CD9F-425D-B4F7-A360A1753F25}
	EndGlobalSection
EndGlobal
